[[package]]
name = "click"
version = "8.0.3"
description = "Composable command line interface toolkit"
category = "main"
optional = false
python-versions = ">=3.6"

[package.dependencies]
colorama = {version = "*", markers = "platform_system == \"Windows\""}

[[package]]
name = "colorama"
version = "0.4.4"
description = "Cross-platform colored terminal text."
category = "main"
optional = false
python-versions = ">=2.7, !=3.0.*, !=3.1.*, !=3.2.*, !=3.3.*, !=3.4.*"

[[package]]
name = "dbus-python"
version = "1.2.18"
description = "Python bindings for libdbus"
category = "main"
optional = false
python-versions = "*"

[[package]]
name = "pycairo"
version = "1.20.1"
description = "Python interface for cairo"
category = "main"
optional = false
python-versions = ">=3.6, <4"

[[package]]
name = "pygobject"
version = "3.42.0"
description = "Python bindings for GObject Introspection"
category = "main"
optional = false
python-versions = ">=3.6, <4"

[package.dependencies]
pycairo = ">=1.16,<2.0"

[[package]]
name = "pyudev"
version = "0.22.0"
description = "A libudev binding"
category = "main"
optional = false
python-versions = "*"

[package.dependencies]
six = "*"

[[package]]
name = "six"
version = "1.16.0"
description = "Python 2 and 3 compatibility utilities"
category = "main"
optional = false
python-versions = ">=2.7, !=3.0.*, !=3.1.*, !=3.2.*"

[metadata]
lock-version = "1.1"
python-versions = ">=3.9,<4"
content-hash = "0be0eb2b7b1a67b60e2602e82485afd0753b21e700f2bd61075f45b8fb148f37"

[metadata.files]
click = [
    {file = "click-8.0.3-py3-none-any.whl", hash = "sha256:353f466495adaeb40b6b5f592f9f91cb22372351c84caeb068132442a4518ef3"},
    {file = "click-8.0.3.tar.gz", hash = "sha256:410e932b050f5eed773c4cda94de75971c89cdb3155a72a0831139a79e5ecb5b"},
]
colorama = [
    {file = "colorama-0.4.4-py2.py3-none-any.whl", hash = "sha256:9f47eda37229f68eee03b24b9748937c7dc3868f906e8ba69fbcbdd3bc5dc3e2"},
    {file = "colorama-0.4.4.tar.gz", hash = "sha256:5941b2b48a20143d2267e95b1c2a7603ce057ee39fd88e7329b0c292aa16869b"},
]
dbus-python = [
    {file = "dbus-python-1.2.18.tar.gz", hash = "sha256:92bdd1e68b45596c833307a5ff4b217ee6929a1502f5341bae28fd120acf7260"},
]
pycairo = [
    {file = "pycairo-1.20.1-cp310-cp310-win32.whl", hash = "sha256:736ffc618e851601e861a630293e5c910ef016b83b2d035a336f83a367bf56ab"},
    {file = "pycairo-1.20.1-cp310-cp310-win_amd64.whl", hash = "sha256:261c69850d4b2ec03346c9745bad2a835bb8124e4c6961b8ceac503d744eb3b3"},
    {file = "pycairo-1.20.1-cp36-cp36m-win32.whl", hash = "sha256:6db823a18e7be1eb2a29c28961f2f01e84d3b449f06be7338d05ac8f90592cd5"},
    {file = "pycairo-1.20.1-cp36-cp36m-win_amd64.whl", hash = "sha256:5525da2d8de912750dd157752aa96f1f0a42a437c5625e85b14c936b5c6305ae"},
    {file = "pycairo-1.20.1-cp37-cp37m-win32.whl", hash = "sha256:c8c2bb933974d91c5d19e54b846d964de177e7bf33433bf34ac34c85f9b30e94"},
    {file = "pycairo-1.20.1-cp37-cp37m-win_amd64.whl", hash = "sha256:9a32e4a3574a104aa876c35d5e71485dfd6986b18d045534c6ec510c44d5d6a7"},
    {file = "pycairo-1.20.1-cp38-cp38-win32.whl", hash = "sha256:0d7a6754d410d911a46f00396bee4be96500ccd3d178e7e98aef1140e3dd67ae"},
    {file = "pycairo-1.20.1-cp38-cp38-win_amd64.whl", hash = "sha256:b605151cdd23cedb31855b8666371b6e26b80f02753a52c8b8023a916b1df812"},
    {file = "pycairo-1.20.1-cp39-cp39-win32.whl", hash = "sha256:e800486b51fffeb11ed867b4f2220d446e2a60a81a73b7c377123e0cbb72f49d"},
    {file = "pycairo-1.20.1-cp39-cp39-win_amd64.whl", hash = "sha256:f123d3818e30b77b7209d70a6dcfd5b4e34885f9fa539d92dd7ff3e4e2037213"},
    {file = "pycairo-1.20.1.tar.gz", hash = "sha256:1ee72b035b21a475e1ed648e26541b04e5d7e753d75ca79de8c583b25785531b"},
]
pygobject = [
    {file = "PyGObject-3.42.0.tar.gz", hash = "sha256:b9803991ec0b0b4175e81fee0ad46090fa7af438fe169348a9b18ae53447afcd"},
]
pyudev = [
    {file = "pyudev-0.22.0.tar.gz", hash = "sha256:69bb1beb7ac52855b6d1b9fe909eefb0017f38d917cba9939602c6880035b276"},
]
six = [
    {file = "six-1.16.0-py2.py3-none-any.whl", hash = "sha256:8abb2f1d86890a2dfb989f9a77cfcfd3e47c2a354b01111771326f8aa26e0254"},
    {file = "six-1.16.0.tar.gz", hash = "sha256:1e61c37477a1626458e36f7b1d82aa5c9b094fa4802892072e49de9c60c4c926"},
]
